// !$*UTF8*$!
{
	archiveVersion = 1;
	classes = {
	};
	objectVersion = 50;
	objects = {

/* Begin PBXBuildFile section */
		CB28A55522F4173D003CF8CC /* AppDelegate.swift in Sources */ = {isa = PBXBuildFile; fileRef = CB28A55422F4173D003CF8CC /* AppDelegate.swift */; };
		CB28A55722F4173D003CF8CC /* SceneDelegate.swift in Sources */ = {isa = PBXBuildFile; fileRef = CB28A55622F4173D003CF8CC /* SceneDelegate.swift */; };
		CB28A55922F4173D003CF8CC /* ContentView.swift in Sources */ = {isa = PBXBuildFile; fileRef = CB28A55822F4173D003CF8CC /* ContentView.swift */; };
		CB28A55B22F4173E003CF8CC /* Assets.xcassets in Resources */ = {isa = PBXBuildFile; fileRef = CB28A55A22F4173E003CF8CC /* Assets.xcassets */; };
		CB28A55E22F4173E003CF8CC /* Preview Assets.xcassets in Resources */ = {isa = PBXBuildFile; fileRef = CB28A55D22F4173E003CF8CC /* Preview Assets.xcassets */; };
		CB28A56122F4173E003CF8CC /* LaunchScreen.storyboard in Resources */ = {isa = PBXBuildFile; fileRef = CB28A55F22F4173E003CF8CC /* LaunchScreen.storyboard */; };
/* End PBXBuildFile section */

/* Begin PBXFileReference section */
		CB28A55122F4173D003CF8CC /* SwiftUI demo.app */ = {isa = PBXFileReference; explicitFileType = wrapper.application; includeInIndex = 0; path = "SwiftUI demo.app"; sourceTree = BUILT_PRODUCTS_DIR; };
		CB28A55422F4173D003CF8CC /* AppDelegate.swift */ = {isa = PBXFileReference; lastKnownFileType = sourcecode.swift; path = AppDelegate.swift; sourceTree = "<group>"; };
		CB28A55622F4173D003CF8CC /* SceneDelegate.swift */ = {isa = PBXFileReference; lastKnownFileType = sourcecode.swift; path = SceneDelegate.swift; sourceTree = "<group>"; };
		CB28A55822F4173D003CF8CC /* ContentView.swift */ = {isa = PBXFileReference; lastKnownFileType = sourcecode.swift; path = ContentView.swift; sourceTree = "<group>"; };
		CB28A55A22F4173E003CF8CC /* Assets.xcassets */ = {isa = PBXFileReference; lastKnownFileType = folder.assetcatalog; path = Assets.xcassets; sourceTree = "<group>"; };
		CB28A55D22F4173E003CF8CC /* Preview Assets.xcassets */ = {isa = PBXFileReference; lastKnownFileType = folder.assetcatalog; path = "Preview Assets.xcassets"; sourceTree = "<group>"; };
		CB28A56022F4173E003CF8CC /* Base */ = {isa = PBXFileReference; lastKnownFileType = file.storyboard; name = Base; path = Base.lproj/LaunchScreen.storyboard; sourceTree = "<group>"; };
		CB28A56222F4173E003CF8CC /* Info.plist */ = {isa = PBXFileReference; lastKnownFileType = text.plist.xml; path = Info.plist; sourceTree = "<group>"; };
/* End PBXFileReference section */

/* Begin PBXFrameworksBuildPhase section */
		CB28A54E22F4173D003CF8CC /* Frameworks */ = {
			isa = PBXFrameworksBuildPhase;
			buildActionMask = 2147483647;
			files = (
			);
			runOnlyForDeploymentPostprocessing = 0;
		};
/* End PBXFrameworksBuildPhase section */

/* Begin PBXGroup section */
		CB28A54822F4173D003CF8CC = {
			isa = PBXGroup;
			children = (
				CB28A55322F4173D003CF8CC /* SwiftUI demo */,
				CB28A55222F4173D003CF8CC /* Products */,
			);
			sourceTree = "<group>";
		};
		CB28A55222F4173D003CF8CC /* Products */ = {
			isa = PBXGroup;
			children = (
				CB28A55122F4173D003CF8CC /* SwiftUI demo.app */,
			);
			name = Products;
			sourceTree = "<group>";
		};
		CB28A55322F4173D003CF8CC /* SwiftUI demo */ = {
			isa = PBXGroup;
			children = (
				CB28A55422F4173D003CF8CC /* AppDelegate.swift */,
				CB28A55622F4173D003CF8CC /* SceneDelegate.swift */,
				CB28A55822F4173D003CF8CC /* ContentView.swift */,
				CB28A55A22F4173E003CF8CC /* Assets.xcassets */,
				CB28A55F22F4173E003CF8CC /* LaunchScreen.storyboard */,
				CB28A56222F4173E003CF8CC /* Info.plist */,
				CB28A55C22F4173E003CF8CC /* Preview Content */,
			);
			path = "SwiftUI demo";
			sourceTree = "<group>";
		};
		CB28A55C22F4173E003CF8CC /* Preview Content */ = {
			isa = PBXGroup;
			children = (
				CB28A55D22F4173E003CF8CC /* Preview Assets.xcassets */,
			);
			path = "Preview Content";
			sourceTree = "<group>";
		};
/* End PBXGroup section */

/* Begin PBXNativeTarget section */
		CB28A55022F4173D003CF8CC /* SwiftUI demo */ = {
			isa = PBXNativeTarget;
			buildConfigurationList = CB28A56522F4173E003CF8CC /* Build configuration list for PBXNativeTarget "SwiftUI demo" */;
			buildPhases = (
				CB28A54D22F4173D003CF8CC /* Sources */,
				CB28A54E22F4173D003CF8CC /* Frameworks */,
				CB28A54F22F4173D003CF8CC /* Resources */,
			);
			buildRules = (
			);
			dependencies = (
			);
			name = "SwiftUI demo";
			productName = "SwiftUI demo";
			productReference = CB28A55122F4173D003CF8CC /* SwiftUI demo.app */;
			productType = "com.apple.product-type.application";
		};
/* End PBXNativeTarget section */

/* Begin PBXProject section */
		CB28A54922F4173D003CF8CC /* Project object */ = {
			isa = PBXProject;
			attributes = {
				LastSwiftUpdateCheck = 1100;
				LastUpgradeCheck = 1100;
				ORGANIZATIONNAME = "Deepak Padeshi";
				TargetAttributes = {
					CB28A55022F4173D003CF8CC = {
						CreatedOnToolsVersion = 11.0;
					};
				};
			};
			buildConfigurationList = CB28A54C22F4173D003CF8CC /* Build configuration list for PBXProject "SwiftUI demo" */;
			compatibilityVersion = "Xcode 9.3";
			developmentRegion = en;
			hasScannedForEncodings = 0;
			knownRegions = (
				en,
				Base,
			);
			mainGroup = CB28A54822F4173D003CF8CC;
			productRefGroup = CB28A55222F4173D003CF8CC /* Products */;
			projectDirPath = "";
			projectRoot = "";
			targets = (
				CB28A55022F4173D003CF8CC /* SwiftUI demo */,
			);
		};
/* End PBXProject section */

/* Begin PBXResourcesBuildPhase section */
		CB28A54F22F4173D003CF8CC /* Resources */ = {
			isa = PBXResourcesBuildPhase;
			buildActionMask = 2147483647;
			files = (
				CB28A56122F4173E003CF8CC /* LaunchScreen.storyboard in Resources */,
				CB28A55E22F4173E003CF8CC /* Preview Assets.xcassets in Resources */,
				CB28A55B22F4173E003CF8CC /* Assets.xcassets in Resources */,
			);
			runOnlyForDeploymentPostprocessing = 0;
		};
/* End PBXResourcesBuildPhase section */

/* Begin PBXSourcesBuildPhase section */
		CB28A54D22F4173D003CF8CC /* Sources */ = {
			isa = PBXSourcesBuildPhase;
			buildActionMask = 2147483647;
			files = (
				CB28A55522F4173D003CF8CC /* AppDelegate.swift in Sources */,
				CB28A55722F4173D003CF8CC /* SceneDelegate.swift in Sources */,
				CB28A55922F4173D003CF8CC /* ContentView.swift in Sources */,
			);
			runOnlyForDeploymentPostprocessing = 0;
		};
/* End PBXSourcesBuildPhase section */

/* Begin PBXVariantGroup section */
		CB28A55F22F4173E003CF8CC /* LaunchScreen.storyboard */ = {
			isa = PBXVariantGroup;
			children = (
				CB28A56022F4173E003CF8CC /* Base */,
			);
			name = LaunchScreen.storyboard;
			sourceTree = "<group>";
		};
/* End PBXVariantGroup section */

/* Begin XCBuildConfiguration section */
		CB28A56322F4173E003CF8CC /* Debug */ = {
			isa = XCBuildConfiguration;
			buildSettings = {
				ALWAYS_SEARCH_USER_PATHS = NO;
				CLANG_ANALYZER_NONNULL = YES;
				CLANG_ANALYZER_NUMBER_OBJECT_CONVERSION = YES_AGGRESSIVE;
				CLANG_CXX_LANGUAGE_STANDARD = "gnu++14";
				CLANG_CXX_LIBRARY = "libc++";
				CLANG_ENABLE_MODULES = YES;
				CLANG_ENABLE_OBJC_ARC = YES;
				CLANG_ENABLE_OBJC_WEAK = YES;
				CLANG_WARN_BLOCK_CAPTURE_AUTORELEASING = YES;
				CLANG_WARN_BOOL_CONVERSION = YES;
				CLANG_WARN_COMMA = YES;
				CLANG_WARN_CONSTANT_CONVERSION = YES;
				CLANG_WARN_DEPRECATED_OBJC_IMPLEMENTATIONS = YES;
				CLANG_WARN_DIRECT_OBJC_ISA_USAGE = YES_ERROR;
				CLANG_WARN_DOCUMENTATION_COMMENTS = YES;
				CLANG_WARN_EMPTY_BODY = YES;
				CLANG_WARN_ENUM_CONVERSION = YES;
				CLANG_WARN_INFINITE_RECURSION = YES;
				CLANG_WARN_INT_CONVERSION = YES;
				CLANG_WARN_NON_LITERAL_NULL_CONVERSION = YES;
				CLANG_WARN_OBJC_IMPLICIT_RETAIN_SELF = YES;
				CLANG_WARN_OBJC_LITERAL_CONVERSION = YES;
				CLANG_WARN_OBJC_ROOT_CLASS = YES_ERROR;
				CLANG_WARN_RANGE_LOOP_ANALYSIS = YES;
				CLANG_WARN_STRICT_PROTOTYPES = YES;
				CLANG_WARN_SUSPICIOUS_MOVE = YES;
				CLANG_WARN_UNGUARDED_AVAILABILITY = YES_AGGRESSIVE;
				CLANG_WARN_UNREACHABLE_CODE = YES;
				CLANG_WARN__DUPLICATE_METHOD_MATCH = YES;
				COPY_PHASE_STRIP = NO;
				DEBUG_INFORMATION_FORMAT = dwarf;
				ENABLE_STRICT_OBJC_MSGSEND = YES;
				ENABLE_TESTABILITY = YES;
				GCC_C_LANGUAGE_STANDARD = gnu11;
				GCC_DYNAMIC_NO_PIC = NO;
				GCC_NO_COMMON_BLOCKS = YES;
				GCC_OPTIMIZATION_LEVEL = 0;
				GCC_PREPROCESSOR_DEFINITIONS = (
					"DEBUG=1",
					"$(inherited)",
				);
				GCC_WARN_64_TO_32_BIT_CONVERSION = YES;
				GCC_WARN_ABOUT_RETURN_TYPE = YES_ERROR;
				GCC_WARN_UNDECLARED_SELECTOR = YES;
				GCC_WARN_UNINITIALIZED_AUTOS = YES_AGGRESSIVE;
				GCC_WARN_UNUSED_FUNCTION = YES;
				GCC_WARN_UNUSED_VARIABLE = YES;
				IPHONEOS_DEPLOYMENT_TARGET = 13.0;
				MTL_ENABLE_DEBUG_INFO = INCLUDE_SOURCE;
				MTL_FAST_MATH = YES;
				ONLY_ACTIVE_ARCH = YES;
				SDKROOT = iphoneos;
				SWIFT_ACTIVE_COMPILATION_CONDITIONS = DEBUG;
				SWIFT_OPTIMIZATION_LEVEL = "-Onone";
			};
			name = Debug;
		};
		CB28A56422F4173E003CF8CC /* Release */ = {
			isa = XCBuildConfiguration;
			buildSettings = {
				ALWAYS_SEARCH_USER_PATHS = NO;
				CLANG_ANALYZER_NONNULL = YES;
				CLANG_ANALYZER_NUMBER_OBJECT_CONVERSION = YES_AGGRESSIVE;
				CLANG_CXX_LANGUAGE_STANDARD = "gnu++14";
				CLANG_CXX_LIBRARY = "libc++";
				CLANG_ENABLE_MODULES = YES;
				CLANG_ENABLE_OBJC_ARC = YES;
				CLANG_ENABLE_OBJC_WEAK = YES;
				CLANG_WARN_BLOCK_CAPTURE_AUTORELEASING = YES;
				CLANG_WARN_BOOL_CONVERSION = YES;
				CLANG_WARN_COMMA = YES;
				CLANG_WARN_CONSTANT_CONVERSION = YES;
				CLANG_WARN_DEPRECATED_OBJC_IMPLEMENTATIONS = YES;
				CLANG_WARN_DIRECT_OBJC_ISA_USAGE = YES_ERROR;
				CLANG_WARN_DOCUMENTATION_COMMENTS = YES;
				CLANG_WARN_EMPTY_BODY = YES;
				CLANG_WARN_ENUM_CONVERSION = YES;
				CLANG_WARN_INFINITE_RECURSION = YES;
				CLANG_WARN_INT_CONVERSION = YES;
				CLANG_WARN_NON_LITERAL_NULL_CONVERSION = YES;
				CLANG_WARN_OBJC_IMPLICIT_RETAIN_SELF = YES;
				CLANG_WARN_OBJC_LITERAL_CONVERSION = YES;
				CLANG_WARN_OBJC_ROOT_CLASS = YES_ERROR;
				CLANG_WARN_RANGE_LOOP_ANALYSIS = YES;
				CLANG_WARN_STRICT_PROTOTYPES = YES;
				CLANG_WARN_SUSPICIOUS_MOVE = YES;
				CLANG_WARN_UNGUARDED_AVAILABILITY = YES_AGGRESSIVE;
				CLANG_WARN_UNREACHABLE_CODE = YES;
				CLANG_WARN__DUPLICATE_METHOD_MATCH = YES;
				COPY_PHASE_STRIP = NO;
				DEBUG_INFORMATION_FORMAT = "dwarf-with-dsym";
				ENABLE_NS_ASSERTIONS = NO;
				ENABLE_STRICT_OBJC_MSGSEND = YES;
				GCC_C_LANGUAGE_STANDARD = gnu11;
				GCC_NO_COMMON_BLOCKS = YES;
				GCC_WARN_64_TO_32_BIT_CONVERSION = YES;
				GCC_WARN_ABOUT_RETURN_TYPE = YES_ERROR;
				GCC_WARN_UNDECLARED_SELECTOR = YES;
				GCC_WARN_UNINITIALIZED_AUTOS = YES_AGGRESSIVE;
				GCC_WARN_UNUSED_FUNCTION = YES;
				GCC_WARN_UNUSED_VARIABLE = YES;
				IPHONEOS_DEPLOYMENT_TARGET = 13.0;
				MTL_ENABLE_DEBUG_INFO = NO;
				MTL_FAST_MATH = YES;
				SDKROOT = iphoneos;
				SWIFT_COMPILATION_MODE = wholemodule;
				SWIFT_OPTIMIZATION_LEVEL = "-O";
				VALIDATE_PRODUCT = YES;
			};
			name = Release;
		};
		CB28A56622F4173E003CF8CC /* Debug */ = {
			isa = XCBuildConfiguration;
			buildSettings = {
				ASSETCATALOG_COMPILER_APPICON_NAME = AppIcon;
				CODE_SIGN_STYLE = Automatic;
				DEVELOPMENT_ASSET_PATHS = "\"SwiftUI demo\"/Preview\\ Content";
				DEVELOPMENT_TEAM = 4NF7FVL3DU;
				ENABLE_PREVIEWS = YES;
				INFOPLIST_FILE = "SwiftUI demo/Info.plist";
				LD_RUNPATH_SEARCH_PATHS = (
					"$(inherited)",
					"@executable_path/Frameworks",
				);
				PRODUCT_BUNDLE_IDENTIFIER = "evry.SwiftUI-demo";
				PRODUCT_NAME = "$(TARGET_NAME)";
				SWIFT_VERSION = 5.0;
				TARGETED_DEVICE_FAMILY = "1,2";
			};
			name = Debug;
		};
		CB28A56722F4173E003CF8CC /* Release */ = {
			isa = XCBuildConfiguration;
			buildSettings = {
				ASSETCATALOG_COMPILER_APPICON_NAME = AppIcon;
				CODE_SIGN_STYLE = Automatic;
				DEVELOPMENT_ASSET_PATHS = "\"SwiftUI demo\"/Preview\\ Content";
				DEVELOPMENT_TEAM = 4NF7FVL3DU;
				ENABLE_PREVIEWS = YES;
				INFOPLIST_FILE = "SwiftUI demo/Info.plist";
				LD_RUNPATH_SEARCH_PATHS = (
					"$(inherited)",
					"@executable_path/Frameworks",
				);
				PRODUCT_BUNDLE_IDENTIFIER = "evry.SwiftUI-demo";
				PRODUCT_NAME = "$(TARGET_NAME)";
				SWIFT_VERSION = 5.0;
				TARGETED_DEVICE_FAMILY = "1,2";
			};
			name = Release;
		};
/* End XCBuildConfiguration section */

/* Begin XCConfigurationList section */
		CB28A54C22F4173D003CF8CC /* Build configuration list for PBXProject "SwiftUI demo" */ = {
			isa = XCConfigurationList;
			buildConfigurations = (
				CB28A56322F4173E003CF8CC /* Debug */,
				CB28A56422F4173E003CF8CC /* Release */,
			);
			defaultConfigurationIsVisible = 0;
			defaultConfigurationName = Release;
		};
		CB28A56522F4173E003CF8CC /* Build configuration list for PBXNativeTarget "SwiftUI demo" */ = {
			isa = XCConfigurationList;
			buildConfigurations = (
				CB28A56622F4173E003CF8CC /* Debug */,
				CB28A56722F4173E003CF8CC /* Release */,
			);
			defaultConfigurationIsVisible = 0;
			defaultConfigurationName = Release;
		};
/* End XCConfigurationList section */
	};
	rootObject = CB28A54922F4173D003CF8CC /* Project object */;
}
